
Microsoft Visual Studio Solution File, Format Version 12.00
# Visual Studio Version 17
VisualStudioVersion = 17.13.35931.197 d17.13
MinimumVisualStudioVersion = 10.0.40219.1
Project("{FAE04EC0-301F-11D3-BF4B-00C04F79EFBC}") = "JobApplicationTracker-Dapper", "JobApplicationTracker-Dapper\JobApplicationTracker-Dapper.csproj", "{5D16E534-959D-4553-AD20-0E58BDD526AC}"
EndProject
Global
	GlobalSection(SolutionConfigurationPlatforms) = preSolution
		Debug|Any CPU = Debug|Any CPU
		Release|Any CPU = Release|Any CPU
	EndGlobalSection
	GlobalSection(ProjectConfigurationPlatforms) = postSolution
		{5D16E534-959D-4553-AD20-0E58BDD526AC}.Debug|Any CPU.ActiveCfg = Debug|Any CPU
		{5D16E534-959D-4553-AD20-0E58BDD526AC}.Debug|Any CPU.Build.0 = Debug|Any CPU
		{5D16E534-959D-4553-AD20-0E58BDD526AC}.Release|Any CPU.ActiveCfg = Release|Any CPU
		{5D16E534-959D-4553-AD20-0E58BDD526AC}.Release|Any CPU.Build.0 = Release|Any CPU
	EndGlobalSection
	GlobalSection(SolutionProperties) = preSolution
		HideSolutionNode = FALSE
	EndGlobalSection
	GlobalSection(ExtensibilityGlobals) = postSolution
		SolutionGuid = {AE6F7DA2-3C24-4A75-92EC-B83F0ECFB6FD}
	EndGlobalSection
EndGlobal
